// !$*UTF8*$!
{
	archiveVersion = 1;
	classes = {
	};
	objectVersion = 55;
	objects = {

/* Begin PBXBuildFile section */
		113586DA277CB33400BDFFE5 /* AlertView.swift in Sources */ = {isa = PBXBuildFile; fileRef = 113586D9277CB33400BDFFE5 /* AlertView.swift */; };
		113586DC277CBF1700BDFFE5 /* ItemsView.swift in Sources */ = {isa = PBXBuildFile; fileRef = 113586DB277CBF1700BDFFE5 /* ItemsView.swift */; };
		113586DE277DC65900BDFFE5 /* ItemsListView.swift in Sources */ = {isa = PBXBuildFile; fileRef = 113586DD277DC65800BDFFE5 /* ItemsListView.swift */; };
		11F179AB277CB029003AFB45 /* TodoList_SwiftUIApp.swift in Sources */ = {isa = PBXBuildFile; fileRef = 11F179AA277CB029003AFB45 /* TodoList_SwiftUIApp.swift */; };
		11F179AD277CB029003AFB45 /* CategoriesView.swift in Sources */ = {isa = PBXBuildFile; fileRef = 11F179AC277CB029003AFB45 /* CategoriesView.swift */; };
		11F179AF277CB02B003AFB45 /* Assets.xcassets in Resources */ = {isa = PBXBuildFile; fileRef = 11F179AE277CB02B003AFB45 /* Assets.xcassets */; };
		11F179B2277CB02B003AFB45 /* Preview Assets.xcassets in Resources */ = {isa = PBXBuildFile; fileRef = 11F179B1277CB02B003AFB45 /* Preview Assets.xcassets */; };
		11F179B4277CB02B003AFB45 /* Persistence.swift in Sources */ = {isa = PBXBuildFile; fileRef = 11F179B3277CB02B003AFB45 /* Persistence.swift */; };
		11F179B7277CB02B003AFB45 /* TodoList_SwiftUI.xcdatamodeld in Sources */ = {isa = PBXBuildFile; fileRef = 11F179B5277CB02B003AFB45 /* TodoList_SwiftUI.xcdatamodeld */; };
		3037262CDFE1B1C30AAD0E65 /* Pods_TodoList_SwiftUI.framework in Frameworks */ = {isa = PBXBuildFile; fileRef = B725533BE7EA5390A814DF0D /* Pods_TodoList_SwiftUI.framework */; };
/* End PBXBuildFile section */

/* Begin PBXFileReference section */
		113586D9277CB33400BDFFE5 /* AlertView.swift */ = {isa = PBXFileReference; lastKnownFileType = sourcecode.swift; path = AlertView.swift; sourceTree = "<group>"; };
		113586DB277CBF1700BDFFE5 /* ItemsView.swift */ = {isa = PBXFileReference; lastKnownFileType = sourcecode.swift; path = ItemsView.swift; sourceTree = "<group>"; };
		113586DD277DC65800BDFFE5 /* ItemsListView.swift */ = {isa = PBXFileReference; lastKnownFileType = sourcecode.swift; path = ItemsListView.swift; sourceTree = "<group>"; };
		11F179A7277CB029003AFB45 /* TodoList-SwiftUI.app */ = {isa = PBXFileReference; explicitFileType = wrapper.application; includeInIndex = 0; path = "TodoList-SwiftUI.app"; sourceTree = BUILT_PRODUCTS_DIR; };
		11F179AA277CB029003AFB45 /* TodoList_SwiftUIApp.swift */ = {isa = PBXFileReference; lastKnownFileType = sourcecode.swift; path = TodoList_SwiftUIApp.swift; sourceTree = "<group>"; };
		11F179AC277CB029003AFB45 /* CategoriesView.swift */ = {isa = PBXFileReference; lastKnownFileType = sourcecode.swift; path = CategoriesView.swift; sourceTree = "<group>"; };
		11F179AE277CB02B003AFB45 /* Assets.xcassets */ = {isa = PBXFileReference; lastKnownFileType = folder.assetcatalog; path = Assets.xcassets; sourceTree = "<group>"; };
		11F179B1277CB02B003AFB45 /* Preview Assets.xcassets */ = {isa = PBXFileReference; lastKnownFileType = folder.assetcatalog; path = "Preview Assets.xcassets"; sourceTree = "<group>"; };
		11F179B3277CB02B003AFB45 /* Persistence.swift */ = {isa = PBXFileReference; lastKnownFileType = sourcecode.swift; path = Persistence.swift; sourceTree = "<group>"; };
		11F179B6277CB02B003AFB45 /* TodoList_SwiftUI.xcdatamodel */ = {isa = PBXFileReference; lastKnownFileType = wrapper.xcdatamodel; path = TodoList_SwiftUI.xcdatamodel; sourceTree = "<group>"; };
		3FDCEC25F8EBD3DCF21E0C77 /* Pods-TodoList-SwiftUI.release.xcconfig */ = {isa = PBXFileReference; includeInIndex = 1; lastKnownFileType = text.xcconfig; name = "Pods-TodoList-SwiftUI.release.xcconfig"; path = "Target Support Files/Pods-TodoList-SwiftUI/Pods-TodoList-SwiftUI.release.xcconfig"; sourceTree = "<group>"; };
		42B3F8480DD19D568293DDDB /* Pods-TodoList-SwiftUI.debug.xcconfig */ = {isa = PBXFileReference; includeInIndex = 1; lastKnownFileType = text.xcconfig; name = "Pods-TodoList-SwiftUI.debug.xcconfig"; path = "Target Support Files/Pods-TodoList-SwiftUI/Pods-TodoList-SwiftUI.debug.xcconfig"; sourceTree = "<group>"; };
		B725533BE7EA5390A814DF0D /* Pods_TodoList_SwiftUI.framework */ = {isa = PBXFileReference; explicitFileType = wrapper.framework; includeInIndex = 0; path = Pods_TodoList_SwiftUI.framework; sourceTree = BUILT_PRODUCTS_DIR; };
/* End PBXFileReference section */

/* Begin PBXFrameworksBuildPhase section */
		11F179A4277CB029003AFB45 /* Frameworks */ = {
			isa = PBXFrameworksBuildPhase;
			buildActionMask = 2147483647;
			files = (
				3037262CDFE1B1C30AAD0E65 /* Pods_TodoList_SwiftUI.framework in Frameworks */,
			);
			runOnlyForDeploymentPostprocessing = 0;
		};
/* End PBXFrameworksBuildPhase section */

/* Begin PBXGroup section */
		113586D7277CB2EA00BDFFE5 /* Data Model */ = {
			isa = PBXGroup;
			children = (
				11F179B5277CB02B003AFB45 /* TodoList_SwiftUI.xcdatamodeld */,
			);
			path = "Data Model";
			sourceTree = "<group>";
		};
		113586D8277CB30D00BDFFE5 /* Views */ = {
			isa = PBXGroup;
			children = (
				11F179AC277CB029003AFB45 /* CategoriesView.swift */,
				113586D9277CB33400BDFFE5 /* AlertView.swift */,
				113586DB277CBF1700BDFFE5 /* ItemsView.swift */,
				113586DD277DC65800BDFFE5 /* ItemsListView.swift */,
			);
			path = Views;
			sourceTree = "<group>";
		};
		11F1799E277CB029003AFB45 = {
			isa = PBXGroup;
			children = (
				11F179A9277CB029003AFB45 /* TodoList-SwiftUI */,
				11F179A8277CB029003AFB45 /* Products */,
				6E915DA139988E5F8E824F39 /* Pods */,
				3379420262057058220D6C43 /* Frameworks */,
			);
			sourceTree = "<group>";
		};
		11F179A8277CB029003AFB45 /* Products */ = {
			isa = PBXGroup;
			children = (
				11F179A7277CB029003AFB45 /* TodoList-SwiftUI.app */,
			);
			name = Products;
			sourceTree = "<group>";
		};
		11F179A9277CB029003AFB45 /* TodoList-SwiftUI */ = {
			isa = PBXGroup;
			children = (
				11F179AA277CB029003AFB45 /* TodoList_SwiftUIApp.swift */,
				11F179B3277CB02B003AFB45 /* Persistence.swift */,
				113586D8277CB30D00BDFFE5 /* Views */,
				113586D7277CB2EA00BDFFE5 /* Data Model */,
				11F179AE277CB02B003AFB45 /* Assets.xcassets */,
				11F179B0277CB02B003AFB45 /* Preview Content */,
			);
			path = "TodoList-SwiftUI";
			sourceTree = "<group>";
		};
		11F179B0277CB02B003AFB45 /* Preview Content */ = {
			isa = PBXGroup;
			children = (
				11F179B1277CB02B003AFB45 /* Preview Assets.xcassets */,
			);
			path = "Preview Content";
			sourceTree = "<group>";
		};
		3379420262057058220D6C43 /* Frameworks */ = {
			isa = PBXGroup;
			children = (
				B725533BE7EA5390A814DF0D /* Pods_TodoList_SwiftUI.framework */,
			);
			name = Frameworks;
			sourceTree = "<group>";
		};
		6E915DA139988E5F8E824F39 /* Pods */ = {
			isa = PBXGroup;
			children = (
				42B3F8480DD19D568293DDDB /* Pods-TodoList-SwiftUI.debug.xcconfig */,
				3FDCEC25F8EBD3DCF21E0C77 /* Pods-TodoList-SwiftUI.release.xcconfig */,
			);
			path = Pods;
			sourceTree = "<group>";
		};
/* End PBXGroup section */

/* Begin PBXNativeTarget section */
		11F179A6277CB029003AFB45 /* TodoList-SwiftUI */ = {
			isa = PBXNativeTarget;
			buildConfigurationList = 11F179BA277CB02B003AFB45 /* Build configuration list for PBXNativeTarget "TodoList-SwiftUI" */;
			buildPhases = (
				C7A934D679ED4B966A89E251 /* [CP] Check Pods Manifest.lock */,
				11F179A3277CB029003AFB45 /* Sources */,
				11F179A4277CB029003AFB45 /* Frameworks */,
				11F179A5277CB029003AFB45 /* Resources */,
				393506E5EA16D0F2A9E1D8FA /* [CP] Embed Pods Frameworks */,
			);
			buildRules = (
			);
			dependencies = (
			);
			name = "TodoList-SwiftUI";
			productName = "TodoList-SwiftUI";
			productReference = 11F179A7277CB029003AFB45 /* TodoList-SwiftUI.app */;
			productType = "com.apple.product-type.application";
		};
/* End PBXNativeTarget section */

/* Begin PBXProject section */
		11F1799F277CB029003AFB45 /* Project object */ = {
			isa = PBXProject;
			attributes = {
				BuildIndependentTargetsInParallel = 1;
				LastSwiftUpdateCheck = 1320;
				LastUpgradeCheck = 1320;
				TargetAttributes = {
					11F179A6277CB029003AFB45 = {
						CreatedOnToolsVersion = 13.2.1;
					};
				};
			};
			buildConfigurationList = 11F179A2277CB029003AFB45 /* Build configuration list for PBXProject "TodoList-SwiftUI" */;
			compatibilityVersion = "Xcode 13.0";
			developmentRegion = en;
			hasScannedForEncodings = 0;
			knownRegions = (
				en,
				Base,
			);
			mainGroup = 11F1799E277CB029003AFB45;
			productRefGroup = 11F179A8277CB029003AFB45 /* Products */;
			projectDirPath = "";
			projectRoot = "";
			targets = (
				11F179A6277CB029003AFB45 /* TodoList-SwiftUI */,
			);
		};
/* End PBXProject section */

/* Begin PBXResourcesBuildPhase section */
		11F179A5277CB029003AFB45 /* Resources */ = {
			isa = PBXResourcesBuildPhase;
			buildActionMask = 2147483647;
			files = (
				11F179B2277CB02B003AFB45 /* Preview Assets.xcassets in Resources */,
				11F179AF277CB02B003AFB45 /* Assets.xcassets in Resources */,
			);
			runOnlyForDeploymentPostprocessing = 0;
		};
/* End PBXResourcesBuildPhase section */

/* Begin PBXShellScriptBuildPhase section */
		393506E5EA16D0F2A9E1D8FA /* [CP] Embed Pods Frameworks */ = {
			isa = PBXShellScriptBuildPhase;
			buildActionMask = 2147483647;
			files = (
			);
			inputFileListPaths = (
				"${PODS_ROOT}/Target Support Files/Pods-TodoList-SwiftUI/Pods-TodoList-SwiftUI-frameworks-${CONFIGURATION}-input-files.xcfilelist",
			);
			name = "[CP] Embed Pods Frameworks";
			outputFileListPaths = (
				"${PODS_ROOT}/Target Support Files/Pods-TodoList-SwiftUI/Pods-TodoList-SwiftUI-frameworks-${CONFIGURATION}-output-files.xcfilelist",
			);
			runOnlyForDeploymentPostprocessing = 0;
			shellPath = /bin/sh;
			shellScript = "\"${PODS_ROOT}/Target Support Files/Pods-TodoList-SwiftUI/Pods-TodoList-SwiftUI-frameworks.sh\"\n";
			showEnvVarsInLog = 0;
		};
		C7A934D679ED4B966A89E251 /* [CP] Check Pods Manifest.lock */ = {
			isa = PBXShellScriptBuildPhase;
			buildActionMask = 2147483647;
			files = (
			);
			inputFileListPaths = (
			);
			inputPaths = (
				"${PODS_PODFILE_DIR_PATH}/Podfile.lock",
				"${PODS_ROOT}/Manifest.lock",
			);
			name = "[CP] Check Pods Manifest.lock";
			outputFileListPaths = (
			);
			outputPaths = (
				"$(DERIVED_FILE_DIR)/Pods-TodoList-SwiftUI-checkManifestLockResult.txt",
			);
			runOnlyForDeploymentPostprocessing = 0;
			shellPath = /bin/sh;
			shellScript = "diff \"${PODS_PODFILE_DIR_PATH}/Podfile.lock\" \"${PODS_ROOT}/Manifest.lock\" > /dev/null\nif [ $? != 0 ] ; then\n    # print error to STDERR\n    echo \"error: The sandbox is not in sync with the Podfile.lock. Run 'pod install' or update your CocoaPods installation.\" >&2\n    exit 1\nfi\n# This output is used by Xcode 'outputs' to avoid re-running this script phase.\necho \"SUCCESS\" > \"${SCRIPT_OUTPUT_FILE_0}\"\n";
			showEnvVarsInLog = 0;
		};
/* End PBXShellScriptBuildPhase section */

/* Begin PBXSourcesBuildPhase section */
		11F179A3277CB029003AFB45 /* Sources */ = {
			isa = PBXSourcesBuildPhase;
			buildActionMask = 2147483647;
			files = (
				113586DA277CB33400BDFFE5 /* AlertView.swift in Sources */,
				113586DC277CBF1700BDFFE5 /* ItemsView.swift in Sources */,
				113586DE277DC65900BDFFE5 /* ItemsListView.swift in Sources */,
				11F179B4277CB02B003AFB45 /* Persistence.swift in Sources */,
				11F179B7277CB02B003AFB45 /* TodoList_SwiftUI.xcdatamodeld in Sources */,
				11F179AD277CB029003AFB45 /* CategoriesView.swift in Sources */,
				11F179AB277CB029003AFB45 /* TodoList_SwiftUIApp.swift in Sources */,
			);
			runOnlyForDeploymentPostprocessing = 0;
		};
/* End PBXSourcesBuildPhase section */

/* Begin XCBuildConfiguration section */
		11F179B8277CB02B003AFB45 /* Debug */ = {
			isa = XCBuildConfiguration;
			buildSettings = {
				ALWAYS_SEARCH_USER_PATHS = NO;
				CLANG_ANALYZER_NONNULL = YES;
				CLANG_ANALYZER_NUMBER_OBJECT_CONVERSION = YES_AGGRESSIVE;
				CLANG_CXX_LANGUAGE_STANDARD = "gnu++17";
				CLANG_CXX_LIBRARY = "libc++";
				CLANG_ENABLE_MODULES = YES;
				CLANG_ENABLE_OBJC_ARC = YES;
				CLANG_ENABLE_OBJC_WEAK = YES;
				CLANG_WARN_BLOCK_CAPTURE_AUTORELEASING = YES;
				CLANG_WARN_BOOL_CONVERSION = YES;
				CLANG_WARN_COMMA = YES;
				CLANG_WARN_CONSTANT_CONVERSION = YES;
				CLANG_WARN_DEPRECATED_OBJC_IMPLEMENTATIONS = YES;
				CLANG_WARN_DIRECT_OBJC_ISA_USAGE = YES_ERROR;
				CLANG_WARN_DOCUMENTATION_COMMENTS = YES;
				CLANG_WARN_EMPTY_BODY = YES;
				CLANG_WARN_ENUM_CONVERSION = YES;
				CLANG_WARN_INFINITE_RECURSION = YES;
				CLANG_WARN_INT_CONVERSION = YES;
				CLANG_WARN_NON_LITERAL_NULL_CONVERSION = YES;
				CLANG_WARN_OBJC_IMPLICIT_RETAIN_SELF = YES;
				CLANG_WARN_OBJC_LITERAL_CONVERSION = YES;
				CLANG_WARN_OBJC_ROOT_CLASS = YES_ERROR;
				CLANG_WARN_QUOTED_INCLUDE_IN_FRAMEWORK_HEADER = YES;
				CLANG_WARN_RANGE_LOOP_ANALYSIS = YES;
				CLANG_WARN_STRICT_PROTOTYPES = YES;
				CLANG_WARN_SUSPICIOUS_MOVE = YES;
				CLANG_WARN_UNGUARDED_AVAILABILITY = YES_AGGRESSIVE;
				CLANG_WARN_UNREACHABLE_CODE = YES;
				CLANG_WARN__DUPLICATE_METHOD_MATCH = YES;
				COPY_PHASE_STRIP = NO;
				DEBUG_INFORMATION_FORMAT = dwarf;
				ENABLE_STRICT_OBJC_MSGSEND = YES;
				ENABLE_TESTABILITY = YES;
				GCC_C_LANGUAGE_STANDARD = gnu11;
				GCC_DYNAMIC_NO_PIC = NO;
				GCC_NO_COMMON_BLOCKS = YES;
				GCC_OPTIMIZATION_LEVEL = 0;
				GCC_PREPROCESSOR_DEFINITIONS = (
					"DEBUG=1",
					"$(inherited)",
				);
				GCC_WARN_64_TO_32_BIT_CONVERSION = YES;
				GCC_WARN_ABOUT_RETURN_TYPE = YES_ERROR;
				GCC_WARN_UNDECLARED_SELECTOR = YES;
				GCC_WARN_UNINITIALIZED_AUTOS = YES_AGGRESSIVE;
				GCC_WARN_UNUSED_FUNCTION = YES;
				GCC_WARN_UNUSED_VARIABLE = YES;
				IPHONEOS_DEPLOYMENT_TARGET = 15.2;
				MTL_ENABLE_DEBUG_INFO = INCLUDE_SOURCE;
				MTL_FAST_MATH = YES;
				ONLY_ACTIVE_ARCH = YES;
				SDKROOT = iphoneos;
				SWIFT_ACTIVE_COMPILATION_CONDITIONS = DEBUG;
				SWIFT_OPTIMIZATION_LEVEL = "-Onone";
			};
			name = Debug;
		};
		11F179B9277CB02B003AFB45 /* Release */ = {
			isa = XCBuildConfiguration;
			buildSettings = {
				ALWAYS_SEARCH_USER_PATHS = NO;
				CLANG_ANALYZER_NONNULL = YES;
				CLANG_ANALYZER_NUMBER_OBJECT_CONVERSION = YES_AGGRESSIVE;
				CLANG_CXX_LANGUAGE_STANDARD = "gnu++17";
				CLANG_CXX_LIBRARY = "libc++";
				CLANG_ENABLE_MODULES = YES;
				CLANG_ENABLE_OBJC_ARC = YES;
				CLANG_ENABLE_OBJC_WEAK = YES;
				CLANG_WARN_BLOCK_CAPTURE_AUTORELEASING = YES;
				CLANG_WARN_BOOL_CONVERSION = YES;
				CLANG_WARN_COMMA = YES;
				CLANG_WARN_CONSTANT_CONVERSION = YES;
				CLANG_WARN_DEPRECATED_OBJC_IMPLEMENTATIONS = YES;
				CLANG_WARN_DIRECT_OBJC_ISA_USAGE = YES_ERROR;
				CLANG_WARN_DOCUMENTATION_COMMENTS = YES;
				CLANG_WARN_EMPTY_BODY = YES;
				CLANG_WARN_ENUM_CONVERSION = YES;
				CLANG_WARN_INFINITE_RECURSION = YES;
				CLANG_WARN_INT_CONVERSION = YES;
				CLANG_WARN_NON_LITERAL_NULL_CONVERSION = YES;
				CLANG_WARN_OBJC_IMPLICIT_RETAIN_SELF = YES;
				CLANG_WARN_OBJC_LITERAL_CONVERSION = YES;
				CLANG_WARN_OBJC_ROOT_CLASS = YES_ERROR;
				CLANG_WARN_QUOTED_INCLUDE_IN_FRAMEWORK_HEADER = YES;
				CLANG_WARN_RANGE_LOOP_ANALYSIS = YES;
				CLANG_WARN_STRICT_PROTOTYPES = YES;
				CLANG_WARN_SUSPICIOUS_MOVE = YES;
				CLANG_WARN_UNGUARDED_AVAILABILITY = YES_AGGRESSIVE;
				CLANG_WARN_UNREACHABLE_CODE = YES;
				CLANG_WARN__DUPLICATE_METHOD_MATCH = YES;
				COPY_PHASE_STRIP = NO;
				DEBUG_INFORMATION_FORMAT = "dwarf-with-dsym";
				ENABLE_NS_ASSERTIONS = NO;
				ENABLE_STRICT_OBJC_MSGSEND = YES;
				GCC_C_LANGUAGE_STANDARD = gnu11;
				GCC_NO_COMMON_BLOCKS = YES;
				GCC_WARN_64_TO_32_BIT_CONVERSION = YES;
				GCC_WARN_ABOUT_RETURN_TYPE = YES_ERROR;
				GCC_WARN_UNDECLARED_SELECTOR = YES;
				GCC_WARN_UNINITIALIZED_AUTOS = YES_AGGRESSIVE;
				GCC_WARN_UNUSED_FUNCTION = YES;
				GCC_WARN_UNUSED_VARIABLE = YES;
				IPHONEOS_DEPLOYMENT_TARGET = 15.2;
				MTL_ENABLE_DEBUG_INFO = NO;
				MTL_FAST_MATH = YES;
				SDKROOT = iphoneos;
				SWIFT_COMPILATION_MODE = wholemodule;
				SWIFT_OPTIMIZATION_LEVEL = "-O";
				VALIDATE_PRODUCT = YES;
			};
			name = Release;
		};
		11F179BB277CB02B003AFB45 /* Debug */ = {
			isa = XCBuildConfiguration;
			baseConfigurationReference = 42B3F8480DD19D568293DDDB /* Pods-TodoList-SwiftUI.debug.xcconfig */;
			buildSettings = {
				ASSETCATALOG_COMPILER_APPICON_NAME = AppIcon;
				ASSETCATALOG_COMPILER_GLOBAL_ACCENT_COLOR_NAME = AccentColor;
				CODE_SIGN_STYLE = Automatic;
				CURRENT_PROJECT_VERSION = 1;
				DEVELOPMENT_ASSET_PATHS = "\"TodoList-SwiftUI/Preview Content\"";
				DEVELOPMENT_TEAM = 78C9PH79UB;
				ENABLE_PREVIEWS = YES;
				GENERATE_INFOPLIST_FILE = YES;
				INFOPLIST_KEY_UIApplicationSceneManifest_Generation = YES;
				INFOPLIST_KEY_UIApplicationSupportsIndirectInputEvents = YES;
				INFOPLIST_KEY_UILaunchScreen_Generation = YES;
				INFOPLIST_KEY_UISupportedInterfaceOrientations_iPad = "UIInterfaceOrientationPortrait UIInterfaceOrientationPortraitUpsideDown UIInterfaceOrientationLandscapeLeft UIInterfaceOrientationLandscapeRight";
				INFOPLIST_KEY_UISupportedInterfaceOrientations_iPhone = "UIInterfaceOrientationPortrait UIInterfaceOrientationLandscapeLeft UIInterfaceOrientationLandscapeRight";
				LD_RUNPATH_SEARCH_PATHS = (
					"$(inherited)",
					"@executable_path/Frameworks",
				);
				MARKETING_VERSION = 1.0;
				PRODUCT_BUNDLE_IDENTIFIER = "senyuk.TodoList-SwiftUI";
				PRODUCT_NAME = "$(TARGET_NAME)";
				SWIFT_EMIT_LOC_STRINGS = YES;
				SWIFT_VERSION = 5.0;
				TARGETED_DEVICE_FAMILY = "1,2";
			};
			name = Debug;
		};
		11F179BC277CB02B003AFB45 /* Release */ = {
			isa = XCBuildConfiguration;
			baseConfigurationReference = 3FDCEC25F8EBD3DCF21E0C77 /* Pods-TodoList-SwiftUI.release.xcconfig */;
			buildSettings = {
				ASSETCATALOG_COMPILER_APPICON_NAME = AppIcon;
				ASSETCATALOG_COMPILER_GLOBAL_ACCENT_COLOR_NAME = AccentColor;
				CODE_SIGN_STYLE = Automatic;
				CURRENT_PROJECT_VERSION = 1;
				DEVELOPMENT_ASSET_PATHS = "\"TodoList-SwiftUI/Preview Content\"";
				DEVELOPMENT_TEAM = 78C9PH79UB;
				ENABLE_PREVIEWS = YES;
				GENERATE_INFOPLIST_FILE = YES;
				INFOPLIST_KEY_UIApplicationSceneManifest_Generation = YES;
				INFOPLIST_KEY_UIApplicationSupportsIndirectInputEvents = YES;
				INFOPLIST_KEY_UILaunchScreen_Generation = YES;
				INFOPLIST_KEY_UISupportedInterfaceOrientations_iPad = "UIInterfaceOrientationPortrait UIInterfaceOrientationPortraitUpsideDown UIInterfaceOrientationLandscapeLeft UIInterfaceOrientationLandscapeRight";
				INFOPLIST_KEY_UISupportedInterfaceOrientations_iPhone = "UIInterfaceOrientationPortrait UIInterfaceOrientationLandscapeLeft UIInterfaceOrientationLandscapeRight";
				LD_RUNPATH_SEARCH_PATHS = (
					"$(inherited)",
					"@executable_path/Frameworks",
				);
				MARKETING_VERSION = 1.0;
				PRODUCT_BUNDLE_IDENTIFIER = "senyuk.TodoList-SwiftUI";
				PRODUCT_NAME = "$(TARGET_NAME)";
				SWIFT_EMIT_LOC_STRINGS = YES;
				SWIFT_VERSION = 5.0;
				TARGETED_DEVICE_FAMILY = "1,2";
			};
			name = Release;
		};
/* End XCBuildConfiguration section */

/* Begin XCConfigurationList section */
		11F179A2277CB029003AFB45 /* Build configuration list for PBXProject "TodoList-SwiftUI" */ = {
			isa = XCConfigurationList;
			buildConfigurations = (
				11F179B8277CB02B003AFB45 /* Debug */,
				11F179B9277CB02B003AFB45 /* Release */,
			);
			defaultConfigurationIsVisible = 0;
			defaultConfigurationName = Release;
		};
		11F179BA277CB02B003AFB45 /* Build configuration list for PBXNativeTarget "TodoList-SwiftUI" */ = {
			isa = XCConfigurationList;
			buildConfigurations = (
				11F179BB277CB02B003AFB45 /* Debug */,
				11F179BC277CB02B003AFB45 /* Release */,
			);
			defaultConfigurationIsVisible = 0;
			defaultConfigurationName = Release;
		};
/* End XCConfigurationList section */

/* Begin XCVersionGroup section */
		11F179B5277CB02B003AFB45 /* TodoList_SwiftUI.xcdatamodeld */ = {
			isa = XCVersionGroup;
			children = (
				11F179B6277CB02B003AFB45 /* TodoList_SwiftUI.xcdatamodel */,
			);
			currentVersion = 11F179B6277CB02B003AFB45 /* TodoList_SwiftUI.xcdatamodel */;
			path = TodoList_SwiftUI.xcdatamodeld;
			sourceTree = "<group>";
			versionGroupType = wrapper.xcdatamodel;
		};
/* End XCVersionGroup section */
	};
	rootObject = 11F1799F277CB029003AFB45 /* Project object */;
}
